
Microsoft Visual Studio Solution File, Format Version 12.00
# Visual Studio Version 17
VisualStudioVersion = 17.5.33414.496
MinimumVisualStudioVersion = 10.0.40219.1
Project("{FAE04EC0-301F-11D3-BF4B-00C04F79EFBC}") = "PayspaceTaxCalculator", "PayspaceTaxCalculator.csproj", "{DD3F9CA4-3B3E-45DB-A5A9-76673747C431}"
EndProject
Project("{FAE04EC0-301F-11D3-BF4B-00C04F79EFBC}") = "PayspaceTaxCalculator.API", "..\PayspaceTaxCalculator.API\PayspaceTaxCalculator.API.csproj", "{6CB6F37C-5585-47EF-B617-52F509AF28D2}"
EndProject
Global
	GlobalSection(SolutionConfigurationPlatforms) = preSolution
		Debug|Any CPU = Debug|Any CPU
		Release|Any CPU = Release|Any CPU
	EndGlobalSection
	GlobalSection(ProjectConfigurationPlatforms) = postSolution
		{DD3F9CA4-3B3E-45DB-A5A9-76673747C431}.Debug|Any CPU.ActiveCfg = Debug|Any CPU
		{DD3F9CA4-3B3E-45DB-A5A9-76673747C431}.Debug|Any CPU.Build.0 = Debug|Any CPU
		{DD3F9CA4-3B3E-45DB-A5A9-76673747C431}.Release|Any CPU.ActiveCfg = Release|Any CPU
		{DD3F9CA4-3B3E-45DB-A5A9-76673747C431}.Release|Any CPU.Build.0 = Release|Any CPU
		{6CB6F37C-5585-47EF-B617-52F509AF28D2}.Debug|Any CPU.ActiveCfg = Debug|Any CPU
		{6CB6F37C-5585-47EF-B617-52F509AF28D2}.Debug|Any CPU.Build.0 = Debug|Any CPU
		{6CB6F37C-5585-47EF-B617-52F509AF28D2}.Release|Any CPU.ActiveCfg = Release|Any CPU
		{6CB6F37C-5585-47EF-B617-52F509AF28D2}.Release|Any CPU.Build.0 = Release|Any CPU
	EndGlobalSection
	GlobalSection(SolutionProperties) = preSolution
		HideSolutionNode = FALSE
	EndGlobalSection
	GlobalSection(ExtensibilityGlobals) = postSolution
		SolutionGuid = {97FBFC04-B075-4A22-B3D1-6924BE0BBABA}
	EndGlobalSection
EndGlobal
